
Microsoft Visual Studio Solution File, Format Version 12.00
# Visual Studio Version 17
VisualStudioVersion = 17.14.36109.1
MinimumVisualStudioVersion = 10.0.40219.1
Project("{888888A0-9F3D-457C-B088-3A5042F75D52}") = "Lin_Arbor", "Lin_Arbor.pyproj", "{2135CF97-F2E4-4313-AC66-AD76E1D64642}"
EndProject
Global
	GlobalSection(SolutionConfigurationPlatforms) = preSolution
		Debug|Any CPU = Debug|Any CPU
		Release|Any CPU = Release|Any CPU
	EndGlobalSection
	GlobalSection(ProjectConfigurationPlatforms) = postSolution
		{2135CF97-F2E4-4313-AC66-AD76E1D64642}.Debug|Any CPU.ActiveCfg = Debug|Any CPU
		{2135CF97-F2E4-4313-AC66-AD76E1D64642}.Release|Any CPU.ActiveCfg = Release|Any CPU
	EndGlobalSection
	GlobalSection(SolutionProperties) = preSolution
		HideSolutionNode = FALSE
	EndGlobalSection
	GlobalSection(ExtensibilityGlobals) = postSolution
		SolutionGuid = {C8B38AC7-D6F9-4EE2-BEAD-9D0381AD6804}
	EndGlobalSection
EndGlobal
